// !$*UTF8*$!
{
	archiveVersion = 1;
	classes = {
	};
	objectVersion = 56;
	objects = {

/* Begin PBXBuildFile section */
		CFA85D2F2C5CA26600358C93 /* AppStoreHeroAnimationApp.swift in Sources */ = {isa = PBXBuildFile; fileRef = CFA85D2E2C5CA26600358C93 /* AppStoreHeroAnimationApp.swift */; };
		CFA85D312C5CA26600358C93 /* ContentView.swift in Sources */ = {isa = PBXBuildFile; fileRef = CFA85D302C5CA26600358C93 /* ContentView.swift */; };
		CFA85D332C5CA26800358C93 /* Assets.xcassets in Resources */ = {isa = PBXBuildFile; fileRef = CFA85D322C5CA26800358C93 /* Assets.xcassets */; };
		CFA85D362C5CA26800358C93 /* Preview Assets.xcassets in Resources */ = {isa = PBXBuildFile; fileRef = CFA85D352C5CA26800358C93 /* Preview Assets.xcassets */; };
		CFA85D402C5CA26800358C93 /* AppStoreHeroAnimationTests.swift in Sources */ = {isa = PBXBuildFile; fileRef = CFA85D3F2C5CA26800358C93 /* AppStoreHeroAnimationTests.swift */; };
		CFA85D4A2C5CA26800358C93 /* AppStoreHeroAnimationUITests.swift in Sources */ = {isa = PBXBuildFile; fileRef = CFA85D492C5CA26800358C93 /* AppStoreHeroAnimationUITests.swift */; };
		CFA85D4C2C5CA26800358C93 /* AppStoreHeroAnimationUITestsLaunchTests.swift in Sources */ = {isa = PBXBuildFile; fileRef = CFA85D4B2C5CA26800358C93 /* AppStoreHeroAnimationUITestsLaunchTests.swift */; };
		CFA85D5B2C5CA3C000358C93 /* Today.swift in Sources */ = {isa = PBXBuildFile; fileRef = CFA85D5A2C5CA3C000358C93 /* Today.swift */; };
		CFA85D5D2C5CA4D600358C93 /* Home.swift in Sources */ = {isa = PBXBuildFile; fileRef = CFA85D5C2C5CA4D600358C93 /* Home.swift */; };
		CFA85D5F2C5CAAA600358C93 /* CustomCorner.swift in Sources */ = {isa = PBXBuildFile; fileRef = CFA85D5E2C5CAAA600358C93 /* CustomCorner.swift */; };
/* End PBXBuildFile section */

/* Begin PBXContainerItemProxy section */
		CFA85D3C2C5CA26800358C93 /* PBXContainerItemProxy */ = {
			isa = PBXContainerItemProxy;
			containerPortal = CFA85D232C5CA26600358C93 /* Project object */;
			proxyType = 1;
			remoteGlobalIDString = CFA85D2A2C5CA26600358C93;
			remoteInfo = AppStoreHeroAnimation;
		};
		CFA85D462C5CA26800358C93 /* PBXContainerItemProxy */ = {
			isa = PBXContainerItemProxy;
			containerPortal = CFA85D232C5CA26600358C93 /* Project object */;
			proxyType = 1;
			remoteGlobalIDString = CFA85D2A2C5CA26600358C93;
			remoteInfo = AppStoreHeroAnimation;
		};
/* End PBXContainerItemProxy section */

/* Begin PBXFileReference section */
		CFA85D2B2C5CA26600358C93 /* AppStoreHeroAnimation.app */ = {isa = PBXFileReference; explicitFileType = wrapper.application; includeInIndex = 0; path = AppStoreHeroAnimation.app; sourceTree = BUILT_PRODUCTS_DIR; };
		CFA85D2E2C5CA26600358C93 /* AppStoreHeroAnimationApp.swift */ = {isa = PBXFileReference; lastKnownFileType = sourcecode.swift; path = AppStoreHeroAnimationApp.swift; sourceTree = "<group>"; };
		CFA85D302C5CA26600358C93 /* ContentView.swift */ = {isa = PBXFileReference; lastKnownFileType = sourcecode.swift; path = ContentView.swift; sourceTree = "<group>"; };
		CFA85D322C5CA26800358C93 /* Assets.xcassets */ = {isa = PBXFileReference; lastKnownFileType = folder.assetcatalog; path = Assets.xcassets; sourceTree = "<group>"; };
		CFA85D352C5CA26800358C93 /* Preview Assets.xcassets */ = {isa = PBXFileReference; lastKnownFileType = folder.assetcatalog; path = "Preview Assets.xcassets"; sourceTree = "<group>"; };
		CFA85D3B2C5CA26800358C93 /* AppStoreHeroAnimationTests.xctest */ = {isa = PBXFileReference; explicitFileType = wrapper.cfbundle; includeInIndex = 0; path = AppStoreHeroAnimationTests.xctest; sourceTree = BUILT_PRODUCTS_DIR; };
		CFA85D3F2C5CA26800358C93 /* AppStoreHeroAnimationTests.swift */ = {isa = PBXFileReference; lastKnownFileType = sourcecode.swift; path = AppStoreHeroAnimationTests.swift; sourceTree = "<group>"; };
		CFA85D452C5CA26800358C93 /* AppStoreHeroAnimationUITests.xctest */ = {isa = PBXFileReference; explicitFileType = wrapper.cfbundle; includeInIndex = 0; path = AppStoreHeroAnimationUITests.xctest; sourceTree = BUILT_PRODUCTS_DIR; };
		CFA85D492C5CA26800358C93 /* AppStoreHeroAnimationUITests.swift */ = {isa = PBXFileReference; lastKnownFileType = sourcecode.swift; path = AppStoreHeroAnimationUITests.swift; sourceTree = "<group>"; };
		CFA85D4B2C5CA26800358C93 /* AppStoreHeroAnimationUITestsLaunchTests.swift */ = {isa = PBXFileReference; lastKnownFileType = sourcecode.swift; path = AppStoreHeroAnimationUITestsLaunchTests.swift; sourceTree = "<group>"; };
		CFA85D5A2C5CA3C000358C93 /* Today.swift */ = {isa = PBXFileReference; lastKnownFileType = sourcecode.swift; path = Today.swift; sourceTree = "<group>"; };
		CFA85D5C2C5CA4D600358C93 /* Home.swift */ = {isa = PBXFileReference; lastKnownFileType = sourcecode.swift; path = Home.swift; sourceTree = "<group>"; };
		CFA85D5E2C5CAAA600358C93 /* CustomCorner.swift */ = {isa = PBXFileReference; lastKnownFileType = sourcecode.swift; path = CustomCorner.swift; sourceTree = "<group>"; };
/* End PBXFileReference section */

/* Begin PBXFrameworksBuildPhase section */
		CFA85D282C5CA26600358C93 /* Frameworks */ = {
			isa = PBXFrameworksBuildPhase;
			buildActionMask = 2147483647;
			files = (
			);
			runOnlyForDeploymentPostprocessing = 0;
		};
		CFA85D382C5CA26800358C93 /* Frameworks */ = {
			isa = PBXFrameworksBuildPhase;
			buildActionMask = 2147483647;
			files = (
			);
			runOnlyForDeploymentPostprocessing = 0;
		};
		CFA85D422C5CA26800358C93 /* Frameworks */ = {
			isa = PBXFrameworksBuildPhase;
			buildActionMask = 2147483647;
			files = (
			);
			runOnlyForDeploymentPostprocessing = 0;
		};
/* End PBXFrameworksBuildPhase section */

/* Begin PBXGroup section */
		CFA85D222C5CA26600358C93 = {
			isa = PBXGroup;
			children = (
				CFA85D2D2C5CA26600358C93 /* AppStoreHeroAnimation */,
				CFA85D3E2C5CA26800358C93 /* AppStoreHeroAnimationTests */,
				CFA85D482C5CA26800358C93 /* AppStoreHeroAnimationUITests */,
				CFA85D2C2C5CA26600358C93 /* Products */,
			);
			sourceTree = "<group>";
		};
		CFA85D2C2C5CA26600358C93 /* Products */ = {
			isa = PBXGroup;
			children = (
				CFA85D2B2C5CA26600358C93 /* AppStoreHeroAnimation.app */,
				CFA85D3B2C5CA26800358C93 /* AppStoreHeroAnimationTests.xctest */,
				CFA85D452C5CA26800358C93 /* AppStoreHeroAnimationUITests.xctest */,
			);
			name = Products;
			sourceTree = "<group>";
		};
		CFA85D2D2C5CA26600358C93 /* AppStoreHeroAnimation */ = {
			isa = PBXGroup;
			children = (
				CFA85D2E2C5CA26600358C93 /* AppStoreHeroAnimationApp.swift */,
				CFA85D302C5CA26600358C93 /* ContentView.swift */,
				CFA85D592C5CA3A600358C93 /* Model */,
				CFA85D582C5CA39800358C93 /* View */,
				CFA85D322C5CA26800358C93 /* Assets.xcassets */,
				CFA85D342C5CA26800358C93 /* Preview Content */,
			);
			path = AppStoreHeroAnimation;
			sourceTree = "<group>";
		};
		CFA85D342C5CA26800358C93 /* Preview Content */ = {
			isa = PBXGroup;
			children = (
				CFA85D352C5CA26800358C93 /* Preview Assets.xcassets */,
			);
			path = "Preview Content";
			sourceTree = "<group>";
		};
		CFA85D3E2C5CA26800358C93 /* AppStoreHeroAnimationTests */ = {
			isa = PBXGroup;
			children = (
				CFA85D3F2C5CA26800358C93 /* AppStoreHeroAnimationTests.swift */,
			);
			path = AppStoreHeroAnimationTests;
			sourceTree = "<group>";
		};
		CFA85D482C5CA26800358C93 /* AppStoreHeroAnimationUITests */ = {
			isa = PBXGroup;
			children = (
				CFA85D492C5CA26800358C93 /* AppStoreHeroAnimationUITests.swift */,
				CFA85D4B2C5CA26800358C93 /* AppStoreHeroAnimationUITestsLaunchTests.swift */,
			);
			path = AppStoreHeroAnimationUITests;
			sourceTree = "<group>";
		};
		CFA85D582C5CA39800358C93 /* View */ = {
			isa = PBXGroup;
			children = (
				CFA85D5C2C5CA4D600358C93 /* Home.swift */,
				CFA85D5E2C5CAAA600358C93 /* CustomCorner.swift */,
			);
			path = View;
			sourceTree = "<group>";
		};
		CFA85D592C5CA3A600358C93 /* Model */ = {
			isa = PBXGroup;
			children = (
				CFA85D5A2C5CA3C000358C93 /* Today.swift */,
			);
			path = Model;
			sourceTree = "<group>";
		};
/* End PBXGroup section */

/* Begin PBXNativeTarget section */
		CFA85D2A2C5CA26600358C93 /* AppStoreHeroAnimation */ = {
			isa = PBXNativeTarget;
			buildConfigurationList = CFA85D4F2C5CA26800358C93 /* Build configuration list for PBXNativeTarget "AppStoreHeroAnimation" */;
			buildPhases = (
				CFA85D272C5CA26600358C93 /* Sources */,
				CFA85D282C5CA26600358C93 /* Frameworks */,
				CFA85D292C5CA26600358C93 /* Resources */,
			);
			buildRules = (
			);
			dependencies = (
			);
			name = AppStoreHeroAnimation;
			productName = AppStoreHeroAnimation;
			productReference = CFA85D2B2C5CA26600358C93 /* AppStoreHeroAnimation.app */;
			productType = "com.apple.product-type.application";
		};
		CFA85D3A2C5CA26800358C93 /* AppStoreHeroAnimationTests */ = {
			isa = PBXNativeTarget;
			buildConfigurationList = CFA85D522C5CA26800358C93 /* Build configuration list for PBXNativeTarget "AppStoreHeroAnimationTests" */;
			buildPhases = (
				CFA85D372C5CA26800358C93 /* Sources */,
				CFA85D382C5CA26800358C93 /* Frameworks */,
				CFA85D392C5CA26800358C93 /* Resources */,
			);
			buildRules = (
			);
			dependencies = (
				CFA85D3D2C5CA26800358C93 /* PBXTargetDependency */,
			);
			name = AppStoreHeroAnimationTests;
			productName = AppStoreHeroAnimationTests;
			productReference = CFA85D3B2C5CA26800358C93 /* AppStoreHeroAnimationTests.xctest */;
			productType = "com.apple.product-type.bundle.unit-test";
		};
		CFA85D442C5CA26800358C93 /* AppStoreHeroAnimationUITests */ = {
			isa = PBXNativeTarget;
			buildConfigurationList = CFA85D552C5CA26800358C93 /* Build configuration list for PBXNativeTarget "AppStoreHeroAnimationUITests" */;
			buildPhases = (
				CFA85D412C5CA26800358C93 /* Sources */,
				CFA85D422C5CA26800358C93 /* Frameworks */,
				CFA85D432C5CA26800358C93 /* Resources */,
			);
			buildRules = (
			);
			dependencies = (
				CFA85D472C5CA26800358C93 /* PBXTargetDependency */,
			);
			name = AppStoreHeroAnimationUITests;
			productName = AppStoreHeroAnimationUITests;
			productReference = CFA85D452C5CA26800358C93 /* AppStoreHeroAnimationUITests.xctest */;
			productType = "com.apple.product-type.bundle.ui-testing";
		};
/* End PBXNativeTarget section */

/* Begin PBXProject section */
		CFA85D232C5CA26600358C93 /* Project object */ = {
			isa = PBXProject;
			attributes = {
				BuildIndependentTargetsInParallel = 1;
				LastSwiftUpdateCheck = 1500;
				LastUpgradeCheck = 1500;
				TargetAttributes = {
					CFA85D2A2C5CA26600358C93 = {
						CreatedOnToolsVersion = 15.0.1;
					};
					CFA85D3A2C5CA26800358C93 = {
						CreatedOnToolsVersion = 15.0.1;
						TestTargetID = CFA85D2A2C5CA26600358C93;
					};
					CFA85D442C5CA26800358C93 = {
						CreatedOnToolsVersion = 15.0.1;
						TestTargetID = CFA85D2A2C5CA26600358C93;
					};
				};
			};
			buildConfigurationList = CFA85D262C5CA26600358C93 /* Build configuration list for PBXProject "AppStoreHeroAnimation" */;
			compatibilityVersion = "Xcode 14.0";
			developmentRegion = en;
			hasScannedForEncodings = 0;
			knownRegions = (
				en,
				Base,
			);
			mainGroup = CFA85D222C5CA26600358C93;
			productRefGroup = CFA85D2C2C5CA26600358C93 /* Products */;
			projectDirPath = "";
			projectRoot = "";
			targets = (
				CFA85D2A2C5CA26600358C93 /* AppStoreHeroAnimation */,
				CFA85D3A2C5CA26800358C93 /* AppStoreHeroAnimationTests */,
				CFA85D442C5CA26800358C93 /* AppStoreHeroAnimationUITests */,
			);
		};
/* End PBXProject section */

/* Begin PBXResourcesBuildPhase section */
		CFA85D292C5CA26600358C93 /* Resources */ = {
			isa = PBXResourcesBuildPhase;
			buildActionMask = 2147483647;
			files = (
				CFA85D362C5CA26800358C93 /* Preview Assets.xcassets in Resources */,
				CFA85D332C5CA26800358C93 /* Assets.xcassets in Resources */,
			);
			runOnlyForDeploymentPostprocessing = 0;
		};
		CFA85D392C5CA26800358C93 /* Resources */ = {
			isa = PBXResourcesBuildPhase;
			buildActionMask = 2147483647;
			files = (
			);
			runOnlyForDeploymentPostprocessing = 0;
		};
		CFA85D432C5CA26800358C93 /* Resources */ = {
			isa = PBXResourcesBuildPhase;
			buildActionMask = 2147483647;
			files = (
			);
			runOnlyForDeploymentPostprocessing = 0;
		};
/* End PBXResourcesBuildPhase section */

/* Begin PBXSourcesBuildPhase section */
		CFA85D272C5CA26600358C93 /* Sources */ = {
			isa = PBXSourcesBuildPhase;
			buildActionMask = 2147483647;
			files = (
				CFA85D312C5CA26600358C93 /* ContentView.swift in Sources */,
				CFA85D5F2C5CAAA600358C93 /* CustomCorner.swift in Sources */,
				CFA85D5B2C5CA3C000358C93 /* Today.swift in Sources */,
				CFA85D5D2C5CA4D600358C93 /* Home.swift in Sources */,
				CFA85D2F2C5CA26600358C93 /* AppStoreHeroAnimationApp.swift in Sources */,
			);
			runOnlyForDeploymentPostprocessing = 0;
		};
		CFA85D372C5CA26800358C93 /* Sources */ = {
			isa = PBXSourcesBuildPhase;
			buildActionMask = 2147483647;
			files = (
				CFA85D402C5CA26800358C93 /* AppStoreHeroAnimationTests.swift in Sources */,
			);
			runOnlyForDeploymentPostprocessing = 0;
		};
		CFA85D412C5CA26800358C93 /* Sources */ = {
			isa = PBXSourcesBuildPhase;
			buildActionMask = 2147483647;
			files = (
				CFA85D4A2C5CA26800358C93 /* AppStoreHeroAnimationUITests.swift in Sources */,
				CFA85D4C2C5CA26800358C93 /* AppStoreHeroAnimationUITestsLaunchTests.swift in Sources */,
			);
			runOnlyForDeploymentPostprocessing = 0;
		};
/* End PBXSourcesBuildPhase section */

/* Begin PBXTargetDependency section */
		CFA85D3D2C5CA26800358C93 /* PBXTargetDependency */ = {
			isa = PBXTargetDependency;
			target = CFA85D2A2C5CA26600358C93 /* AppStoreHeroAnimation */;
			targetProxy = CFA85D3C2C5CA26800358C93 /* PBXContainerItemProxy */;
		};
		CFA85D472C5CA26800358C93 /* PBXTargetDependency */ = {
			isa = PBXTargetDependency;
			target = CFA85D2A2C5CA26600358C93 /* AppStoreHeroAnimation */;
			targetProxy = CFA85D462C5CA26800358C93 /* PBXContainerItemProxy */;
		};
/* End PBXTargetDependency section */

/* Begin XCBuildConfiguration section */
		CFA85D4D2C5CA26800358C93 /* Debug */ = {
			isa = XCBuildConfiguration;
			buildSettings = {
				ALWAYS_SEARCH_USER_PATHS = NO;
				ASSETCATALOG_COMPILER_GENERATE_SWIFT_ASSET_SYMBOL_EXTENSIONS = YES;
				CLANG_ANALYZER_NONNULL = YES;
				CLANG_ANALYZER_NUMBER_OBJECT_CONVERSION = YES_AGGRESSIVE;
				CLANG_CXX_LANGUAGE_STANDARD = "gnu++20";
				CLANG_ENABLE_MODULES = YES;
				CLANG_ENABLE_OBJC_ARC = YES;
				CLANG_ENABLE_OBJC_WEAK = YES;
				CLANG_WARN_BLOCK_CAPTURE_AUTORELEASING = YES;
				CLANG_WARN_BOOL_CONVERSION = YES;
				CLANG_WARN_COMMA = YES;
				CLANG_WARN_CONSTANT_CONVERSION = YES;
				CLANG_WARN_DEPRECATED_OBJC_IMPLEMENTATIONS = YES;
				CLANG_WARN_DIRECT_OBJC_ISA_USAGE = YES_ERROR;
				CLANG_WARN_DOCUMENTATION_COMMENTS = YES;
				CLANG_WARN_EMPTY_BODY = YES;
				CLANG_WARN_ENUM_CONVERSION = YES;
				CLANG_WARN_INFINITE_RECURSION = YES;
				CLANG_WARN_INT_CONVERSION = YES;
				CLANG_WARN_NON_LITERAL_NULL_CONVERSION = YES;
				CLANG_WARN_OBJC_IMPLICIT_RETAIN_SELF = YES;
				CLANG_WARN_OBJC_LITERAL_CONVERSION = YES;
				CLANG_WARN_OBJC_ROOT_CLASS = YES_ERROR;
				CLANG_WARN_QUOTED_INCLUDE_IN_FRAMEWORK_HEADER = YES;
				CLANG_WARN_RANGE_LOOP_ANALYSIS = YES;
				CLANG_WARN_STRICT_PROTOTYPES = YES;
				CLANG_WARN_SUSPICIOUS_MOVE = YES;
				CLANG_WARN_UNGUARDED_AVAILABILITY = YES_AGGRESSIVE;
				CLANG_WARN_UNREACHABLE_CODE = YES;
				CLANG_WARN__DUPLICATE_METHOD_MATCH = YES;
				COPY_PHASE_STRIP = NO;
				DEBUG_INFORMATION_FORMAT = dwarf;
				ENABLE_STRICT_OBJC_MSGSEND = YES;
				ENABLE_TESTABILITY = YES;
				ENABLE_USER_SCRIPT_SANDBOXING = YES;
				GCC_C_LANGUAGE_STANDARD = gnu17;
				GCC_DYNAMIC_NO_PIC = NO;
				GCC_NO_COMMON_BLOCKS = YES;
				GCC_OPTIMIZATION_LEVEL = 0;
				GCC_PREPROCESSOR_DEFINITIONS = (
					"DEBUG=1",
					"$(inherited)",
				);
				GCC_WARN_64_TO_32_BIT_CONVERSION = YES;
				GCC_WARN_ABOUT_RETURN_TYPE = YES_ERROR;
				GCC_WARN_UNDECLARED_SELECTOR = YES;
				GCC_WARN_UNINITIALIZED_AUTOS = YES_AGGRESSIVE;
				GCC_WARN_UNUSED_FUNCTION = YES;
				GCC_WARN_UNUSED_VARIABLE = YES;
				IPHONEOS_DEPLOYMENT_TARGET = 17.0;
				LOCALIZATION_PREFERS_STRING_CATALOGS = YES;
				MTL_ENABLE_DEBUG_INFO = INCLUDE_SOURCE;
				MTL_FAST_MATH = YES;
				ONLY_ACTIVE_ARCH = YES;
				SDKROOT = iphoneos;
				SWIFT_ACTIVE_COMPILATION_CONDITIONS = "DEBUG $(inherited)";
				SWIFT_OPTIMIZATION_LEVEL = "-Onone";
			};
			name = Debug;
		};
		CFA85D4E2C5CA26800358C93 /* Release */ = {
			isa = XCBuildConfiguration;
			buildSettings = {
				ALWAYS_SEARCH_USER_PATHS = NO;
				ASSETCATALOG_COMPILER_GENERATE_SWIFT_ASSET_SYMBOL_EXTENSIONS = YES;
				CLANG_ANALYZER_NONNULL = YES;
				CLANG_ANALYZER_NUMBER_OBJECT_CONVERSION = YES_AGGRESSIVE;
				CLANG_CXX_LANGUAGE_STANDARD = "gnu++20";
				CLANG_ENABLE_MODULES = YES;
				CLANG_ENABLE_OBJC_ARC = YES;
				CLANG_ENABLE_OBJC_WEAK = YES;
				CLANG_WARN_BLOCK_CAPTURE_AUTORELEASING = YES;
				CLANG_WARN_BOOL_CONVERSION = YES;
				CLANG_WARN_COMMA = YES;
				CLANG_WARN_CONSTANT_CONVERSION = YES;
				CLANG_WARN_DEPRECATED_OBJC_IMPLEMENTATIONS = YES;
				CLANG_WARN_DIRECT_OBJC_ISA_USAGE = YES_ERROR;
				CLANG_WARN_DOCUMENTATION_COMMENTS = YES;
				CLANG_WARN_EMPTY_BODY = YES;
				CLANG_WARN_ENUM_CONVERSION = YES;
				CLANG_WARN_INFINITE_RECURSION = YES;
				CLANG_WARN_INT_CONVERSION = YES;
				CLANG_WARN_NON_LITERAL_NULL_CONVERSION = YES;
				CLANG_WARN_OBJC_IMPLICIT_RETAIN_SELF = YES;
				CLANG_WARN_OBJC_LITERAL_CONVERSION = YES;
				CLANG_WARN_OBJC_ROOT_CLASS = YES_ERROR;
				CLANG_WARN_QUOTED_INCLUDE_IN_FRAMEWORK_HEADER = YES;
				CLANG_WARN_RANGE_LOOP_ANALYSIS = YES;
				CLANG_WARN_STRICT_PROTOTYPES = YES;
				CLANG_WARN_SUSPICIOUS_MOVE = YES;
				CLANG_WARN_UNGUARDED_AVAILABILITY = YES_AGGRESSIVE;
				CLANG_WARN_UNREACHABLE_CODE = YES;
				CLANG_WARN__DUPLICATE_METHOD_MATCH = YES;
				COPY_PHASE_STRIP = NO;
				DEBUG_INFORMATION_FORMAT = "dwarf-with-dsym";
				ENABLE_NS_ASSERTIONS = NO;
				ENABLE_STRICT_OBJC_MSGSEND = YES;
				ENABLE_USER_SCRIPT_SANDBOXING = YES;
				GCC_C_LANGUAGE_STANDARD = gnu17;
				GCC_NO_COMMON_BLOCKS = YES;
				GCC_WARN_64_TO_32_BIT_CONVERSION = YES;
				GCC_WARN_ABOUT_RETURN_TYPE = YES_ERROR;
				GCC_WARN_UNDECLARED_SELECTOR = YES;
				GCC_WARN_UNINITIALIZED_AUTOS = YES_AGGRESSIVE;
				GCC_WARN_UNUSED_FUNCTION = YES;
				GCC_WARN_UNUSED_VARIABLE = YES;
				IPHONEOS_DEPLOYMENT_TARGET = 17.0;
				LOCALIZATION_PREFERS_STRING_CATALOGS = YES;
				MTL_ENABLE_DEBUG_INFO = NO;
				MTL_FAST_MATH = YES;
				SDKROOT = iphoneos;
				SWIFT_COMPILATION_MODE = wholemodule;
				VALIDATE_PRODUCT = YES;
			};
			name = Release;
		};
		CFA85D502C5CA26800358C93 /* Debug */ = {
			isa = XCBuildConfiguration;
			buildSettings = {
				ASSETCATALOG_COMPILER_APPICON_NAME = AppIcon;
				ASSETCATALOG_COMPILER_GLOBAL_ACCENT_COLOR_NAME = AccentColor;
				CODE_SIGN_STYLE = Automatic;
				CURRENT_PROJECT_VERSION = 1;
				DEVELOPMENT_ASSET_PATHS = "\"AppStoreHeroAnimation/Preview Content\"";
				DEVELOPMENT_TEAM = XDA545DV75;
				ENABLE_PREVIEWS = YES;
				GENERATE_INFOPLIST_FILE = YES;
				INFOPLIST_KEY_UIApplicationSceneManifest_Generation = YES;
				INFOPLIST_KEY_UIApplicationSupportsIndirectInputEvents = YES;
				INFOPLIST_KEY_UILaunchScreen_Generation = YES;
				INFOPLIST_KEY_UISupportedInterfaceOrientations_iPad = "UIInterfaceOrientationPortrait UIInterfaceOrientationPortraitUpsideDown UIInterfaceOrientationLandscapeLeft UIInterfaceOrientationLandscapeRight";
				INFOPLIST_KEY_UISupportedInterfaceOrientations_iPhone = "UIInterfaceOrientationPortrait UIInterfaceOrientationLandscapeLeft UIInterfaceOrientationLandscapeRight";
				LD_RUNPATH_SEARCH_PATHS = (
					"$(inherited)",
					"@executable_path/Frameworks",
				);
				MARKETING_VERSION = 1.0;
				PRODUCT_BUNDLE_IDENTIFIER = com.etomato.dy.AppStoreHeroAnimation;
				PRODUCT_NAME = "$(TARGET_NAME)";
				SWIFT_EMIT_LOC_STRINGS = YES;
				SWIFT_VERSION = 5.0;
				TARGETED_DEVICE_FAMILY = "1,2";
			};
			name = Debug;
		};
		CFA85D512C5CA26800358C93 /* Release */ = {
			isa = XCBuildConfiguration;
			buildSettings = {
				ASSETCATALOG_COMPILER_APPICON_NAME = AppIcon;
				ASSETCATALOG_COMPILER_GLOBAL_ACCENT_COLOR_NAME = AccentColor;
				CODE_SIGN_STYLE = Automatic;
				CURRENT_PROJECT_VERSION = 1;
				DEVELOPMENT_ASSET_PATHS = "\"AppStoreHeroAnimation/Preview Content\"";
				DEVELOPMENT_TEAM = XDA545DV75;
				ENABLE_PREVIEWS = YES;
				GENERATE_INFOPLIST_FILE = YES;
				INFOPLIST_KEY_UIApplicationSceneManifest_Generation = YES;
				INFOPLIST_KEY_UIApplicationSupportsIndirectInputEvents = YES;
				INFOPLIST_KEY_UILaunchScreen_Generation = YES;
				INFOPLIST_KEY_UISupportedInterfaceOrientations_iPad = "UIInterfaceOrientationPortrait UIInterfaceOrientationPortraitUpsideDown UIInterfaceOrientationLandscapeLeft UIInterfaceOrientationLandscapeRight";
				INFOPLIST_KEY_UISupportedInterfaceOrientations_iPhone = "UIInterfaceOrientationPortrait UIInterfaceOrientationLandscapeLeft UIInterfaceOrientationLandscapeRight";
				LD_RUNPATH_SEARCH_PATHS = (
					"$(inherited)",
					"@executable_path/Frameworks",
				);
				MARKETING_VERSION = 1.0;
				PRODUCT_BUNDLE_IDENTIFIER = com.etomato.dy.AppStoreHeroAnimation;
				PRODUCT_NAME = "$(TARGET_NAME)";
				SWIFT_EMIT_LOC_STRINGS = YES;
				SWIFT_VERSION = 5.0;
				TARGETED_DEVICE_FAMILY = "1,2";
			};
			name = Release;
		};
		CFA85D532C5CA26800358C93 /* Debug */ = {
			isa = XCBuildConfiguration;
			buildSettings = {
				ALWAYS_EMBED_SWIFT_STANDARD_LIBRARIES = YES;
				BUNDLE_LOADER = "$(TEST_HOST)";
				CODE_SIGN_STYLE = Automatic;
				CURRENT_PROJECT_VERSION = 1;
				DEVELOPMENT_TEAM = XDA545DV75;
				GENERATE_INFOPLIST_FILE = YES;
				IPHONEOS_DEPLOYMENT_TARGET = 17.0;
				MARKETING_VERSION = 1.0;
				PRODUCT_BUNDLE_IDENTIFIER = com.etomato.dy.AppStoreHeroAnimationTests;
				PRODUCT_NAME = "$(TARGET_NAME)";
				SWIFT_EMIT_LOC_STRINGS = NO;
				SWIFT_VERSION = 5.0;
				TARGETED_DEVICE_FAMILY = "1,2";
				TEST_HOST = "$(BUILT_PRODUCTS_DIR)/AppStoreHeroAnimation.app/$(BUNDLE_EXECUTABLE_FOLDER_PATH)/AppStoreHeroAnimation";
			};
			name = Debug;
		};
		CFA85D542C5CA26800358C93 /* Release */ = {
			isa = XCBuildConfiguration;
			buildSettings = {
				ALWAYS_EMBED_SWIFT_STANDARD_LIBRARIES = YES;
				BUNDLE_LOADER = "$(TEST_HOST)";
				CODE_SIGN_STYLE = Automatic;
				CURRENT_PROJECT_VERSION = 1;
				DEVELOPMENT_TEAM = XDA545DV75;
				GENERATE_INFOPLIST_FILE = YES;
				IPHONEOS_DEPLOYMENT_TARGET = 17.0;
				MARKETING_VERSION = 1.0;
				PRODUCT_BUNDLE_IDENTIFIER = com.etomato.dy.AppStoreHeroAnimationTests;
				PRODUCT_NAME = "$(TARGET_NAME)";
				SWIFT_EMIT_LOC_STRINGS = NO;
				SWIFT_VERSION = 5.0;
				TARGETED_DEVICE_FAMILY = "1,2";
				TEST_HOST = "$(BUILT_PRODUCTS_DIR)/AppStoreHeroAnimation.app/$(BUNDLE_EXECUTABLE_FOLDER_PATH)/AppStoreHeroAnimation";
			};
			name = Release;
		};
		CFA85D562C5CA26800358C93 /* Debug */ = {
			isa = XCBuildConfiguration;
			buildSettings = {
				ALWAYS_EMBED_SWIFT_STANDARD_LIBRARIES = YES;
				CODE_SIGN_STYLE = Automatic;
				CURRENT_PROJECT_VERSION = 1;
				DEVELOPMENT_TEAM = XDA545DV75;
				GENERATE_INFOPLIST_FILE = YES;
				MARKETING_VERSION = 1.0;
				PRODUCT_BUNDLE_IDENTIFIER = com.etomato.dy.AppStoreHeroAnimationUITests;
				PRODUCT_NAME = "$(TARGET_NAME)";
				SWIFT_EMIT_LOC_STRINGS = NO;
				SWIFT_VERSION = 5.0;
				TARGETED_DEVICE_FAMILY = "1,2";
				TEST_TARGET_NAME = AppStoreHeroAnimation;
			};
			name = Debug;
		};
		CFA85D572C5CA26800358C93 /* Release */ = {
			isa = XCBuildConfiguration;
			buildSettings = {
				ALWAYS_EMBED_SWIFT_STANDARD_LIBRARIES = YES;
				CODE_SIGN_STYLE = Automatic;
				CURRENT_PROJECT_VERSION = 1;
				DEVELOPMENT_TEAM = XDA545DV75;
				GENERATE_INFOPLIST_FILE = YES;
				MARKETING_VERSION = 1.0;
				PRODUCT_BUNDLE_IDENTIFIER = com.etomato.dy.AppStoreHeroAnimationUITests;
				PRODUCT_NAME = "$(TARGET_NAME)";
				SWIFT_EMIT_LOC_STRINGS = NO;
				SWIFT_VERSION = 5.0;
				TARGETED_DEVICE_FAMILY = "1,2";
				TEST_TARGET_NAME = AppStoreHeroAnimation;
			};
			name = Release;
		};
/* End XCBuildConfiguration section */

/* Begin XCConfigurationList section */
		CFA85D262C5CA26600358C93 /* Build configuration list for PBXProject "AppStoreHeroAnimation" */ = {
			isa = XCConfigurationList;
			buildConfigurations = (
				CFA85D4D2C5CA26800358C93 /* Debug */,
				CFA85D4E2C5CA26800358C93 /* Release */,
			);
			defaultConfigurationIsVisible = 0;
			defaultConfigurationName = Release;
		};
		CFA85D4F2C5CA26800358C93 /* Build configuration list for PBXNativeTarget "AppStoreHeroAnimation" */ = {
			isa = XCConfigurationList;
			buildConfigurations = (
				CFA85D502C5CA26800358C93 /* Debug */,
				CFA85D512C5CA26800358C93 /* Release */,
			);
			defaultConfigurationIsVisible = 0;
			defaultConfigurationName = Release;
		};
		CFA85D522C5CA26800358C93 /* Build configuration list for PBXNativeTarget "AppStoreHeroAnimationTests" */ = {
			isa = XCConfigurationList;
			buildConfigurations = (
				CFA85D532C5CA26800358C93 /* Debug */,
				CFA85D542C5CA26800358C93 /* Release */,
			);
			defaultConfigurationIsVisible = 0;
			defaultConfigurationName = Release;
		};
		CFA85D552C5CA26800358C93 /* Build configuration list for PBXNativeTarget "AppStoreHeroAnimationUITests" */ = {
			isa = XCConfigurationList;
			buildConfigurations = (
				CFA85D562C5CA26800358C93 /* Debug */,
				CFA85D572C5CA26800358C93 /* Release */,
			);
			defaultConfigurationIsVisible = 0;
			defaultConfigurationName = Release;
		};
/* End XCConfigurationList section */
	};
	rootObject = CFA85D232C5CA26600358C93 /* Project object */;
}
